// !$*UTF8*$!
{
	archiveVersion = 1;
	classes = {
	};
	objectVersion = 46;
	objects = {

/* Begin PBXBuildFile section */
		808C99A91A5D4A148F851E6A /* Pods_BioTests.framework in Frameworks */ = {isa = PBXBuildFile; fileRef = B7B730D173529E373E04D44F /* Pods_BioTests.framework */; };
		C275124D740DD9FC65E93A1D /* Pods_Bio.framework in Frameworks */ = {isa = PBXBuildFile; fileRef = F7DAF8ABF5E69A5AB36705CB /* Pods_Bio.framework */; };
		CA0A80021F73BC59005533FE /* Car.swift in Sources */ = {isa = PBXBuildFile; fileRef = CA0A80011F73BC59005533FE /* Car.swift */; };
		CA4D092C1F6FEFC80088D153 /* ViewModel.swift in Sources */ = {isa = PBXBuildFile; fileRef = CA4D092B1F6FEFC80088D153 /* ViewModel.swift */; };
		CAF0C5A71F766217006204B3 /* CarTableViewCell.swift in Sources */ = {isa = PBXBuildFile; fileRef = CAF0C5A61F766217006204B3 /* CarTableViewCell.swift */; };
		CAF9E3FB1F6FD79400EDF1A5 /* AppDelegate.swift in Sources */ = {isa = PBXBuildFile; fileRef = CAF9E3FA1F6FD79400EDF1A5 /* AppDelegate.swift */; };
		CAF9E3FD1F6FD79400EDF1A5 /* ViewController.swift in Sources */ = {isa = PBXBuildFile; fileRef = CAF9E3FC1F6FD79400EDF1A5 /* ViewController.swift */; };
		CAF9E4001F6FD79400EDF1A5 /* Main.storyboard in Resources */ = {isa = PBXBuildFile; fileRef = CAF9E3FE1F6FD79400EDF1A5 /* Main.storyboard */; };
		CAF9E4021F6FD79400EDF1A5 /* Assets.xcassets in Resources */ = {isa = PBXBuildFile; fileRef = CAF9E4011F6FD79400EDF1A5 /* Assets.xcassets */; };
		CAF9E4051F6FD79400EDF1A5 /* LaunchScreen.storyboard in Resources */ = {isa = PBXBuildFile; fileRef = CAF9E4031F6FD79400EDF1A5 /* LaunchScreen.storyboard */; };
		CAF9E4101F6FD79400EDF1A5 /* BioTests.swift in Sources */ = {isa = PBXBuildFile; fileRef = CAF9E40F1F6FD79400EDF1A5 /* BioTests.swift */; };
/* End PBXBuildFile section */

/* Begin PBXContainerItemProxy section */
		CAF9E40C1F6FD79400EDF1A5 /* PBXContainerItemProxy */ = {
			isa = PBXContainerItemProxy;
			containerPortal = CAF9E3EF1F6FD79400EDF1A5 /* Project object */;
			proxyType = 1;
			remoteGlobalIDString = CAF9E3F61F6FD79400EDF1A5;
			remoteInfo = Bio;
		};
/* End PBXContainerItemProxy section */

/* Begin PBXFileReference section */
		1A9A8E97522A8F31D55FFCA2 /* Pods-Bio.debug.xcconfig */ = {isa = PBXFileReference; includeInIndex = 1; lastKnownFileType = text.xcconfig; name = "Pods-Bio.debug.xcconfig"; path = "Pods/Target Support Files/Pods-Bio/Pods-Bio.debug.xcconfig"; sourceTree = "<group>"; };
		4B8151F35696FDEF63F6FF58 /* Pods-BioTests.debug.xcconfig */ = {isa = PBXFileReference; includeInIndex = 1; lastKnownFileType = text.xcconfig; name = "Pods-BioTests.debug.xcconfig"; path = "Pods/Target Support Files/Pods-BioTests/Pods-BioTests.debug.xcconfig"; sourceTree = "<group>"; };
		A0A50AD8844A7683DAF8F3CE /* Pods-BioTests.release.xcconfig */ = {isa = PBXFileReference; includeInIndex = 1; lastKnownFileType = text.xcconfig; name = "Pods-BioTests.release.xcconfig"; path = "Pods/Target Support Files/Pods-BioTests/Pods-BioTests.release.xcconfig"; sourceTree = "<group>"; };
		A4C45BB468F425EB6A8C2E08 /* Pods-Bio.release.xcconfig */ = {isa = PBXFileReference; includeInIndex = 1; lastKnownFileType = text.xcconfig; name = "Pods-Bio.release.xcconfig"; path = "Pods/Target Support Files/Pods-Bio/Pods-Bio.release.xcconfig"; sourceTree = "<group>"; };
		B7B730D173529E373E04D44F /* Pods_BioTests.framework */ = {isa = PBXFileReference; explicitFileType = wrapper.framework; includeInIndex = 0; path = Pods_BioTests.framework; sourceTree = BUILT_PRODUCTS_DIR; };
		CA0A80011F73BC59005533FE /* Car.swift */ = {isa = PBXFileReference; fileEncoding = 4; lastKnownFileType = sourcecode.swift; path = Car.swift; sourceTree = "<group>"; };
		CA4D092B1F6FEFC80088D153 /* ViewModel.swift */ = {isa = PBXFileReference; fileEncoding = 4; lastKnownFileType = sourcecode.swift; path = ViewModel.swift; sourceTree = "<group>"; };
		CAF0C5A61F766217006204B3 /* CarTableViewCell.swift */ = {isa = PBXFileReference; fileEncoding = 4; lastKnownFileType = sourcecode.swift; path = CarTableViewCell.swift; sourceTree = "<group>"; };
		CAF9E3F71F6FD79400EDF1A5 /* Bio.app */ = {isa = PBXFileReference; explicitFileType = wrapper.application; includeInIndex = 0; path = Bio.app; sourceTree = BUILT_PRODUCTS_DIR; };
		CAF9E3FA1F6FD79400EDF1A5 /* AppDelegate.swift */ = {isa = PBXFileReference; lastKnownFileType = sourcecode.swift; path = AppDelegate.swift; sourceTree = "<group>"; };
		CAF9E3FC1F6FD79400EDF1A5 /* ViewController.swift */ = {isa = PBXFileReference; lastKnownFileType = sourcecode.swift; path = ViewController.swift; sourceTree = "<group>"; };
		CAF9E3FF1F6FD79400EDF1A5 /* Base */ = {isa = PBXFileReference; lastKnownFileType = file.storyboard; name = Base; path = Base.lproj/Main.storyboard; sourceTree = "<group>"; };
		CAF9E4011F6FD79400EDF1A5 /* Assets.xcassets */ = {isa = PBXFileReference; lastKnownFileType = folder.assetcatalog; path = Assets.xcassets; sourceTree = "<group>"; };
		CAF9E4041F6FD79400EDF1A5 /* Base */ = {isa = PBXFileReference; lastKnownFileType = file.storyboard; name = Base; path = Base.lproj/LaunchScreen.storyboard; sourceTree = "<group>"; };
		CAF9E4061F6FD79400EDF1A5 /* Info.plist */ = {isa = PBXFileReference; lastKnownFileType = text.plist.xml; path = Info.plist; sourceTree = "<group>"; };
		CAF9E40B1F6FD79400EDF1A5 /* BioTests.xctest */ = {isa = PBXFileReference; explicitFileType = wrapper.cfbundle; includeInIndex = 0; path = BioTests.xctest; sourceTree = BUILT_PRODUCTS_DIR; };
		CAF9E40F1F6FD79400EDF1A5 /* BioTests.swift */ = {isa = PBXFileReference; lastKnownFileType = sourcecode.swift; path = BioTests.swift; sourceTree = "<group>"; };
		CAF9E4111F6FD79400EDF1A5 /* Info.plist */ = {isa = PBXFileReference; lastKnownFileType = text.plist.xml; path = Info.plist; sourceTree = "<group>"; };
		F7DAF8ABF5E69A5AB36705CB /* Pods_Bio.framework */ = {isa = PBXFileReference; explicitFileType = wrapper.framework; includeInIndex = 0; path = Pods_Bio.framework; sourceTree = BUILT_PRODUCTS_DIR; };
/* End PBXFileReference section */

/* Begin PBXFrameworksBuildPhase section */
		CAF9E3F41F6FD79400EDF1A5 /* Frameworks */ = {
			isa = PBXFrameworksBuildPhase;
			buildActionMask = 2147483647;
			files = (
				C275124D740DD9FC65E93A1D /* Pods_Bio.framework in Frameworks */,
			);
			runOnlyForDeploymentPostprocessing = 0;
		};
		CAF9E4081F6FD79400EDF1A5 /* Frameworks */ = {
			isa = PBXFrameworksBuildPhase;
			buildActionMask = 2147483647;
			files = (
				808C99A91A5D4A148F851E6A /* Pods_BioTests.framework in Frameworks */,
			);
			runOnlyForDeploymentPostprocessing = 0;
		};
/* End PBXFrameworksBuildPhase section */

/* Begin PBXGroup section */
		AB14706AAE88E81246AB87E7 /* Frameworks */ = {
			isa = PBXGroup;
			children = (
				F7DAF8ABF5E69A5AB36705CB /* Pods_Bio.framework */,
				B7B730D173529E373E04D44F /* Pods_BioTests.framework */,
			);
			name = Frameworks;
			sourceTree = "<group>";
		};
		CAF0C5A21F7661BB006204B3 /* View */ = {
			isa = PBXGroup;
			children = (
				CAF9E3FC1F6FD79400EDF1A5 /* ViewController.swift */,
				CAF0C5A61F766217006204B3 /* CarTableViewCell.swift */,
			);
			name = View;
			sourceTree = "<group>";
		};
		CAF0C5A31F7661C1006204B3 /* Model */ = {
			isa = PBXGroup;
			children = (
				CA0A80011F73BC59005533FE /* Car.swift */,
			);
			name = Model;
			sourceTree = "<group>";
		};
		CAF0C5A41F7661C6006204B3 /* ViewModel */ = {
			isa = PBXGroup;
			children = (
				CA4D092B1F6FEFC80088D153 /* ViewModel.swift */,
			);
			name = ViewModel;
			sourceTree = "<group>";
		};
		CAF0C5A51F7661E8006204B3 /* Supporting Files */ = {
			isa = PBXGroup;
			children = (
				CAF9E3FA1F6FD79400EDF1A5 /* AppDelegate.swift */,
				CAF9E3FE1F6FD79400EDF1A5 /* Main.storyboard */,
				CAF9E4011F6FD79400EDF1A5 /* Assets.xcassets */,
				CAF9E4061F6FD79400EDF1A5 /* Info.plist */,
				CAF9E4031F6FD79400EDF1A5 /* LaunchScreen.storyboard */,
			);
			name = "Supporting Files";
			sourceTree = "<group>";
		};
		CAF9E3EE1F6FD79400EDF1A5 = {
			isa = PBXGroup;
			children = (
				CAF9E3F91F6FD79400EDF1A5 /* Bio */,
				CAF9E40E1F6FD79400EDF1A5 /* BioTests */,
				CAF9E3F81F6FD79400EDF1A5 /* Products */,
				CD671505A143BB543AEBB295 /* Pods */,
				AB14706AAE88E81246AB87E7 /* Frameworks */,
			);
			sourceTree = "<group>";
		};
		CAF9E3F81F6FD79400EDF1A5 /* Products */ = {
			isa = PBXGroup;
			children = (
				CAF9E3F71F6FD79400EDF1A5 /* Bio.app */,
				CAF9E40B1F6FD79400EDF1A5 /* BioTests.xctest */,
			);
			name = Products;
			sourceTree = "<group>";
		};
		CAF9E3F91F6FD79400EDF1A5 /* Bio */ = {
			isa = PBXGroup;
			children = (
				CAF0C5A41F7661C6006204B3 /* ViewModel */,
				CAF0C5A31F7661C1006204B3 /* Model */,
				CAF0C5A21F7661BB006204B3 /* View */,
				CAF0C5A51F7661E8006204B3 /* Supporting Files */,
			);
			path = Bio;
			sourceTree = "<group>";
		};
		CAF9E40E1F6FD79400EDF1A5 /* BioTests */ = {
			isa = PBXGroup;
			children = (
				CAF9E40F1F6FD79400EDF1A5 /* BioTests.swift */,
				CAF9E4111F6FD79400EDF1A5 /* Info.plist */,
			);
			path = BioTests;
			sourceTree = "<group>";
		};
		CD671505A143BB543AEBB295 /* Pods */ = {
			isa = PBXGroup;
			children = (
				1A9A8E97522A8F31D55FFCA2 /* Pods-Bio.debug.xcconfig */,
				A4C45BB468F425EB6A8C2E08 /* Pods-Bio.release.xcconfig */,
				4B8151F35696FDEF63F6FF58 /* Pods-BioTests.debug.xcconfig */,
				A0A50AD8844A7683DAF8F3CE /* Pods-BioTests.release.xcconfig */,
			);
			name = Pods;
			sourceTree = "<group>";
		};
/* End PBXGroup section */

/* Begin PBXNativeTarget section */
		CAF9E3F61F6FD79400EDF1A5 /* Bio */ = {
			isa = PBXNativeTarget;
			buildConfigurationList = CAF9E4141F6FD79400EDF1A5 /* Build configuration list for PBXNativeTarget "Bio" */;
			buildPhases = (
				35884F0C6D02370B0D6F01CF /* [CP] Check Pods Manifest.lock */,
				CAF9E3F31F6FD79400EDF1A5 /* Sources */,
				CAF9E3F41F6FD79400EDF1A5 /* Frameworks */,
				CAF9E3F51F6FD79400EDF1A5 /* Resources */,
				438D25C2E046F879A2399C37 /* [CP] Embed Pods Frameworks */,
				CBC682CA842B930ABFCA0BBA /* [CP] Copy Pods Resources */,
			);
			buildRules = (
			);
			dependencies = (
			);
			name = Bio;
			productName = Bio;
			productReference = CAF9E3F71F6FD79400EDF1A5 /* Bio.app */;
			productType = "com.apple.product-type.application";
		};
		CAF9E40A1F6FD79400EDF1A5 /* BioTests */ = {
			isa = PBXNativeTarget;
			buildConfigurationList = CAF9E4171F6FD79400EDF1A5 /* Build configuration list for PBXNativeTarget "BioTests" */;
			buildPhases = (
				140001309F7DE89FBC4B30F6 /* [CP] Check Pods Manifest.lock */,
				CAF9E4071F6FD79400EDF1A5 /* Sources */,
				CAF9E4081F6FD79400EDF1A5 /* Frameworks */,
				CAF9E4091F6FD79400EDF1A5 /* Resources */,
				CDCB6AF582C9E2A26CE986BF /* [CP] Embed Pods Frameworks */,
				919EA9573599B847FC00EC8C /* [CP] Copy Pods Resources */,
			);
			buildRules = (
			);
			dependencies = (
				CAF9E40D1F6FD79400EDF1A5 /* PBXTargetDependency */,
			);
			name = BioTests;
			productName = BioTests;
			productReference = CAF9E40B1F6FD79400EDF1A5 /* BioTests.xctest */;
			productType = "com.apple.product-type.bundle.unit-test";
		};
/* End PBXNativeTarget section */

/* Begin PBXProject section */
		CAF9E3EF1F6FD79400EDF1A5 /* Project object */ = {
			isa = PBXProject;
			attributes = {
				LastSwiftUpdateCheck = 0830;
				LastUpgradeCheck = 0830;
				ORGANIZATIONNAME = Ratsimihah;
				TargetAttributes = {
					CAF9E3F61F6FD79400EDF1A5 = {
						CreatedOnToolsVersion = 8.3.3;
						DevelopmentTeam = Q259C93UMQ;
						ProvisioningStyle = Automatic;
					};
					CAF9E40A1F6FD79400EDF1A5 = {
						CreatedOnToolsVersion = 8.3.3;
						DevelopmentTeam = Q259C93UMQ;
						ProvisioningStyle = Automatic;
						TestTargetID = CAF9E3F61F6FD79400EDF1A5;
					};
				};
			};
			buildConfigurationList = CAF9E3F21F6FD79400EDF1A5 /* Build configuration list for PBXProject "Bio" */;
			compatibilityVersion = "Xcode 3.2";
			developmentRegion = English;
			hasScannedForEncodings = 0;
			knownRegions = (
				en,
				Base,
			);
			mainGroup = CAF9E3EE1F6FD79400EDF1A5;
			productRefGroup = CAF9E3F81F6FD79400EDF1A5 /* Products */;
			projectDirPath = "";
			projectRoot = "";
			targets = (
				CAF9E3F61F6FD79400EDF1A5 /* Bio */,
				CAF9E40A1F6FD79400EDF1A5 /* BioTests */,
			);
		};
/* End PBXProject section */

/* Begin PBXResourcesBuildPhase section */
		CAF9E3F51F6FD79400EDF1A5 /* Resources */ = {
			isa = PBXResourcesBuildPhase;
			buildActionMask = 2147483647;
			files = (
				CAF9E4051F6FD79400EDF1A5 /* LaunchScreen.storyboard in Resources */,
				CAF9E4021F6FD79400EDF1A5 /* Assets.xcassets in Resources */,
				CAF9E4001F6FD79400EDF1A5 /* Main.storyboard in Resources */,
			);
			runOnlyForDeploymentPostprocessing = 0;
		};
		CAF9E4091F6FD79400EDF1A5 /* Resources */ = {
			isa = PBXResourcesBuildPhase;
			buildActionMask = 2147483647;
			files = (
			);
			runOnlyForDeploymentPostprocessing = 0;
		};
/* End PBXResourcesBuildPhase section */

/* Begin PBXShellScriptBuildPhase section */
		140001309F7DE89FBC4B30F6 /* [CP] Check Pods Manifest.lock */ = {
			isa = PBXShellScriptBuildPhase;
			buildActionMask = 2147483647;
			files = (
			);
			inputPaths = (
				"${PODS_PODFILE_DIR_PATH}/Podfile.lock",
				"${PODS_ROOT}/Manifest.lock",
			);
			name = "[CP] Check Pods Manifest.lock";
			outputPaths = (
				"$(DERIVED_FILE_DIR)/Pods-BioTests-checkManifestLockResult.txt",
			);
			runOnlyForDeploymentPostprocessing = 0;
			shellPath = /bin/sh;
			shellScript = "diff \"${PODS_PODFILE_DIR_PATH}/Podfile.lock\" \"${PODS_ROOT}/Manifest.lock\" > /dev/null\nif [ $? != 0 ] ; then\n    # print error to STDERR\n    echo \"error: The sandbox is not in sync with the Podfile.lock. Run 'pod install' or update your CocoaPods installation.\" >&2\n    exit 1\nfi\n# This output is used by Xcode 'outputs' to avoid re-running this script phase.\necho \"SUCCESS\" > \"${SCRIPT_OUTPUT_FILE_0}\"\n";
			showEnvVarsInLog = 0;
		};
		35884F0C6D02370B0D6F01CF /* [CP] Check Pods Manifest.lock */ = {
			isa = PBXShellScriptBuildPhase;
			buildActionMask = 2147483647;
			files = (
			);
			inputPaths = (
				"${PODS_PODFILE_DIR_PATH}/Podfile.lock",
				"${PODS_ROOT}/Manifest.lock",
			);
			name = "[CP] Check Pods Manifest.lock";
			outputPaths = (
				"$(DERIVED_FILE_DIR)/Pods-Bio-checkManifestLockResult.txt",
			);
			runOnlyForDeploymentPostprocessing = 0;
			shellPath = /bin/sh;
			shellScript = "diff \"${PODS_PODFILE_DIR_PATH}/Podfile.lock\" \"${PODS_ROOT}/Manifest.lock\" > /dev/null\nif [ $? != 0 ] ; then\n    # print error to STDERR\n    echo \"error: The sandbox is not in sync with the Podfile.lock. Run 'pod install' or update your CocoaPods installation.\" >&2\n    exit 1\nfi\n# This output is used by Xcode 'outputs' to avoid re-running this script phase.\necho \"SUCCESS\" > \"${SCRIPT_OUTPUT_FILE_0}\"\n";
			showEnvVarsInLog = 0;
		};
		438D25C2E046F879A2399C37 /* [CP] Embed Pods Frameworks */ = {
			isa = PBXShellScriptBuildPhase;
			buildActionMask = 2147483647;
			files = (
			);
			inputPaths = (
				"${SRCROOT}/Pods/Target Support Files/Pods-Bio/Pods-Bio-frameworks.sh",
				"${BUILT_PRODUCTS_DIR}/RxCocoa/RxCocoa.framework",
				"${BUILT_PRODUCTS_DIR}/RxStarscream/RxStarscream.framework",
				"${BUILT_PRODUCTS_DIR}/RxSwift/RxSwift.framework",
				"${BUILT_PRODUCTS_DIR}/SnapKit/SnapKit.framework",
				"${BUILT_PRODUCTS_DIR}/Starscream/Starscream.framework",
			);
			name = "[CP] Embed Pods Frameworks";
			outputPaths = (
				"${TARGET_BUILD_DIR}/${FRAMEWORKS_FOLDER_PATH}/RxCocoa.framework",
				"${TARGET_BUILD_DIR}/${FRAMEWORKS_FOLDER_PATH}/RxStarscream.framework",
				"${TARGET_BUILD_DIR}/${FRAMEWORKS_FOLDER_PATH}/RxSwift.framework",
				"${TARGET_BUILD_DIR}/${FRAMEWORKS_FOLDER_PATH}/SnapKit.framework",
				"${TARGET_BUILD_DIR}/${FRAMEWORKS_FOLDER_PATH}/Starscream.framework",
			);
			runOnlyForDeploymentPostprocessing = 0;
			shellPath = /bin/sh;
			shellScript = "\"${SRCROOT}/Pods/Target Support Files/Pods-Bio/Pods-Bio-frameworks.sh\"\n";
			showEnvVarsInLog = 0;
		};
		919EA9573599B847FC00EC8C /* [CP] Copy Pods Resources */ = {
			isa = PBXShellScriptBuildPhase;
			buildActionMask = 2147483647;
			files = (
			);
			inputPaths = (
			);
			name = "[CP] Copy Pods Resources";
			outputPaths = (
			);
			runOnlyForDeploymentPostprocessing = 0;
			shellPath = /bin/sh;
			shellScript = "\"${SRCROOT}/Pods/Target Support Files/Pods-BioTests/Pods-BioTests-resources.sh\"\n";
			showEnvVarsInLog = 0;
		};
		CBC682CA842B930ABFCA0BBA /* [CP] Copy Pods Resources */ = {
			isa = PBXShellScriptBuildPhase;
			buildActionMask = 2147483647;
			files = (
			);
			inputPaths = (
			);
			name = "[CP] Copy Pods Resources";
			outputPaths = (
			);
			runOnlyForDeploymentPostprocessing = 0;
			shellPath = /bin/sh;
			shellScript = "\"${SRCROOT}/Pods/Target Support Files/Pods-Bio/Pods-Bio-resources.sh\"\n";
			showEnvVarsInLog = 0;
		};
		CDCB6AF582C9E2A26CE986BF /* [CP] Embed Pods Frameworks */ = {
			isa = PBXShellScriptBuildPhase;
			buildActionMask = 2147483647;
			files = (
			);
			inputPaths = (
				"${SRCROOT}/Pods/Target Support Files/Pods-BioTests/Pods-BioTests-frameworks.sh",
				"${BUILT_PRODUCTS_DIR}/RxSwift/RxSwift.framework",
				"${BUILT_PRODUCTS_DIR}/RxBlocking/RxBlocking.framework",
				"${BUILT_PRODUCTS_DIR}/RxTest/RxTest.framework",
			);
			name = "[CP] Embed Pods Frameworks";
			outputPaths = (
				"${TARGET_BUILD_DIR}/${FRAMEWORKS_FOLDER_PATH}/RxSwift.framework",
				"${TARGET_BUILD_DIR}/${FRAMEWORKS_FOLDER_PATH}/RxBlocking.framework",
				"${TARGET_BUILD_DIR}/${FRAMEWORKS_FOLDER_PATH}/RxTest.framework",
			);
			runOnlyForDeploymentPostprocessing = 0;
			shellPath = /bin/sh;
			shellScript = "\"${SRCROOT}/Pods/Target Support Files/Pods-BioTests/Pods-BioTests-frameworks.sh\"\n";
			showEnvVarsInLog = 0;
		};
/* End PBXShellScriptBuildPhase section */

/* Begin PBXSourcesBuildPhase section */
		CAF9E3F31F6FD79400EDF1A5 /* Sources */ = {
			isa = PBXSourcesBuildPhase;
			buildActionMask = 2147483647;
			files = (
				CAF9E3FD1F6FD79400EDF1A5 /* ViewController.swift in Sources */,
				CA4D092C1F6FEFC80088D153 /* ViewModel.swift in Sources */,
				CA0A80021F73BC59005533FE /* Car.swift in Sources */,
				CAF9E3FB1F6FD79400EDF1A5 /* AppDelegate.swift in Sources */,
				CAF0C5A71F766217006204B3 /* CarTableViewCell.swift in Sources */,
			);
			runOnlyForDeploymentPostprocessing = 0;
		};
		CAF9E4071F6FD79400EDF1A5 /* Sources */ = {
			isa = PBXSourcesBuildPhase;
			buildActionMask = 2147483647;
			files = (
				CAF9E4101F6FD79400EDF1A5 /* BioTests.swift in Sources */,
			);
			runOnlyForDeploymentPostprocessing = 0;
		};
/* End PBXSourcesBuildPhase section */

/* Begin PBXTargetDependency section */
		CAF9E40D1F6FD79400EDF1A5 /* PBXTargetDependency */ = {
			isa = PBXTargetDependency;
			target = CAF9E3F61F6FD79400EDF1A5 /* Bio */;
			targetProxy = CAF9E40C1F6FD79400EDF1A5 /* PBXContainerItemProxy */;
		};
/* End PBXTargetDependency section */

/* Begin PBXVariantGroup section */
		CAF9E3FE1F6FD79400EDF1A5 /* Main.storyboard */ = {
			isa = PBXVariantGroup;
			children = (
				CAF9E3FF1F6FD79400EDF1A5 /* Base */,
			);
			name = Main.storyboard;
			sourceTree = "<group>";
		};
		CAF9E4031F6FD79400EDF1A5 /* LaunchScreen.storyboard */ = {
			isa = PBXVariantGroup;
			children = (
				CAF9E4041F6FD79400EDF1A5 /* Base */,
			);
			name = LaunchScreen.storyboard;
			sourceTree = "<group>";
		};
/* End PBXVariantGroup section */

/* Begin XCBuildConfiguration section */
		CAF9E4121F6FD79400EDF1A5 /* Debug */ = {
			isa = XCBuildConfiguration;
			buildSettings = {
				ALWAYS_SEARCH_USER_PATHS = NO;
				CLANG_ANALYZER_NONNULL = YES;
				CLANG_ANALYZER_NUMBER_OBJECT_CONVERSION = YES_AGGRESSIVE;
				CLANG_CXX_LANGUAGE_STANDARD = "gnu++0x";
				CLANG_CXX_LIBRARY = "libc++";
				CLANG_ENABLE_MODULES = YES;
				CLANG_ENABLE_OBJC_ARC = YES;
				CLANG_WARN_BOOL_CONVERSION = YES;
				CLANG_WARN_CONSTANT_CONVERSION = YES;
				CLANG_WARN_DIRECT_OBJC_ISA_USAGE = YES_ERROR;
				CLANG_WARN_DOCUMENTATION_COMMENTS = YES;
				CLANG_WARN_EMPTY_BODY = YES;
				CLANG_WARN_ENUM_CONVERSION = YES;
				CLANG_WARN_INFINITE_RECURSION = YES;
				CLANG_WARN_INT_CONVERSION = YES;
				CLANG_WARN_OBJC_ROOT_CLASS = YES_ERROR;
				CLANG_WARN_SUSPICIOUS_MOVE = YES;
				CLANG_WARN_UNREACHABLE_CODE = YES;
				CLANG_WARN__DUPLICATE_METHOD_MATCH = YES;
				"CODE_SIGN_IDENTITY[sdk=iphoneos*]" = "iPhone Developer";
				COPY_PHASE_STRIP = NO;
				DEBUG_INFORMATION_FORMAT = dwarf;
				ENABLE_STRICT_OBJC_MSGSEND = YES;
				ENABLE_TESTABILITY = YES;
				GCC_C_LANGUAGE_STANDARD = gnu99;
				GCC_DYNAMIC_NO_PIC = NO;
				GCC_NO_COMMON_BLOCKS = YES;
				GCC_OPTIMIZATION_LEVEL = 0;
				GCC_PREPROCESSOR_DEFINITIONS = (
					"DEBUG=1",
					"$(inherited)",
				);
				GCC_WARN_64_TO_32_BIT_CONVERSION = YES;
				GCC_WARN_ABOUT_RETURN_TYPE = YES_ERROR;
				GCC_WARN_UNDECLARED_SELECTOR = YES;
				GCC_WARN_UNINITIALIZED_AUTOS = YES_AGGRESSIVE;
				GCC_WARN_UNUSED_FUNCTION = YES;
				GCC_WARN_UNUSED_VARIABLE = YES;
				IPHONEOS_DEPLOYMENT_TARGET = 10.3;
				MTL_ENABLE_DEBUG_INFO = YES;
				ONLY_ACTIVE_ARCH = YES;
				SDKROOT = iphoneos;
				SWIFT_ACTIVE_COMPILATION_CONDITIONS = DEBUG;
				SWIFT_OPTIMIZATION_LEVEL = "-Onone";
			};
			name = Debug;
		};
		CAF9E4131F6FD79400EDF1A5 /* Release */ = {
			isa = XCBuildConfiguration;
			buildSettings = {
				ALWAYS_SEARCH_USER_PATHS = NO;
				CLANG_ANALYZER_NONNULL = YES;
				CLANG_ANALYZER_NUMBER_OBJECT_CONVERSION = YES_AGGRESSIVE;
				CLANG_CXX_LANGUAGE_STANDARD = "gnu++0x";
				CLANG_CXX_LIBRARY = "libc++";
				CLANG_ENABLE_MODULES = YES;
				CLANG_ENABLE_OBJC_ARC = YES;
				CLANG_WARN_BOOL_CONVERSION = YES;
				CLANG_WARN_CONSTANT_CONVERSION = YES;
				CLANG_WARN_DIRECT_OBJC_ISA_USAGE = YES_ERROR;
				CLANG_WARN_DOCUMENTATION_COMMENTS = YES;
				CLANG_WARN_EMPTY_BODY = YES;
				CLANG_WARN_ENUM_CONVERSION = YES;
				CLANG_WARN_INFINITE_RECURSION = YES;
				CLANG_WARN_INT_CONVERSION = YES;
				CLANG_WARN_OBJC_ROOT_CLASS = YES_ERROR;
				CLANG_WARN_SUSPICIOUS_MOVE = YES;
				CLANG_WARN_UNREACHABLE_CODE = YES;
				CLANG_WARN__DUPLICATE_METHOD_MATCH = YES;
				"CODE_SIGN_IDENTITY[sdk=iphoneos*]" = "iPhone Developer";
				COPY_PHASE_STRIP = NO;
				DEBUG_INFORMATION_FORMAT = "dwarf-with-dsym";
				ENABLE_NS_ASSERTIONS = NO;
				ENABLE_STRICT_OBJC_MSGSEND = YES;
				GCC_C_LANGUAGE_STANDARD = gnu99;
				GCC_NO_COMMON_BLOCKS = YES;
				GCC_WARN_64_TO_32_BIT_CONVERSION = YES;
				GCC_WARN_ABOUT_RETURN_TYPE = YES_ERROR;
				GCC_WARN_UNDECLARED_SELECTOR = YES;
				GCC_WARN_UNINITIALIZED_AUTOS = YES_AGGRESSIVE;
				GCC_WARN_UNUSED_FUNCTION = YES;
				GCC_WARN_UNUSED_VARIABLE = YES;
				IPHONEOS_DEPLOYMENT_TARGET = 10.3;
				MTL_ENABLE_DEBUG_INFO = NO;
				SDKROOT = iphoneos;
				SWIFT_OPTIMIZATION_LEVEL = "-Owholemodule";
				VALIDATE_PRODUCT = YES;
			};
			name = Release;
		};
		CAF9E4151F6FD79400EDF1A5 /* Debug */ = {
			isa = XCBuildConfiguration;
			baseConfigurationReference = 1A9A8E97522A8F31D55FFCA2 /* Pods-Bio.debug.xcconfig */;
			buildSettings = {
				ASSETCATALOG_COMPILER_APPICON_NAME = AppIcon;
				DEVELOPMENT_TEAM = Q259C93UMQ;
				INFOPLIST_FILE = Bio/Info.plist;
				LD_RUNPATH_SEARCH_PATHS = "$(inherited) @executable_path/Frameworks";
				PRODUCT_BUNDLE_IDENTIFIER = com.ratsimihah.Bio;
				PRODUCT_NAME = "$(TARGET_NAME)";
				SWIFT_VERSION = 3.0;
			};
			name = Debug;
		};
		CAF9E4161F6FD79400EDF1A5 /* Release */ = {
			isa = XCBuildConfiguration;
			baseConfigurationReference = A4C45BB468F425EB6A8C2E08 /* Pods-Bio.release.xcconfig */;
			buildSettings = {
				ASSETCATALOG_COMPILER_APPICON_NAME = AppIcon;
				DEVELOPMENT_TEAM = Q259C93UMQ;
				INFOPLIST_FILE = Bio/Info.plist;
				LD_RUNPATH_SEARCH_PATHS = "$(inherited) @executable_path/Frameworks";
				PRODUCT_BUNDLE_IDENTIFIER = com.ratsimihah.Bio;
				PRODUCT_NAME = "$(TARGET_NAME)";
				SWIFT_VERSION = 3.0;
			};
			name = Release;
		};
		CAF9E4181F6FD79400EDF1A5 /* Debug */ = {
			isa = XCBuildConfiguration;
			baseConfigurationReference = 4B8151F35696FDEF63F6FF58 /* Pods-BioTests.debug.xcconfig */;
			buildSettings = {
				ALWAYS_EMBED_SWIFT_STANDARD_LIBRARIES = YES;
				BUNDLE_LOADER = "$(TEST_HOST)";
				DEVELOPMENT_TEAM = Q259C93UMQ;
				INFOPLIST_FILE = BioTests/Info.plist;
				LD_RUNPATH_SEARCH_PATHS = "$(inherited) @executable_path/Frameworks @loader_path/Frameworks";
				PRODUCT_BUNDLE_IDENTIFIER = com.ratsimihah.BioTests;
				PRODUCT_NAME = "$(TARGET_NAME)";
				SWIFT_VERSION = 3.0;
				TEST_HOST = "$(BUILT_PRODUCTS_DIR)/Bio.app/Bio";
			};
			name = Debug;
		};
		CAF9E4191F6FD79400EDF1A5 /* Release */ = {
			isa = XCBuildConfiguration;
			baseConfigurationReference = A0A50AD8844A7683DAF8F3CE /* Pods-BioTests.release.xcconfig */;
			buildSettings = {
				ALWAYS_EMBED_SWIFT_STANDARD_LIBRARIES = YES;
				BUNDLE_LOADER = "$(TEST_HOST)";
				DEVELOPMENT_TEAM = Q259C93UMQ;
				INFOPLIST_FILE = BioTests/Info.plist;
				LD_RUNPATH_SEARCH_PATHS = "$(inherited) @executable_path/Frameworks @loader_path/Frameworks";
				PRODUCT_BUNDLE_IDENTIFIER = com.ratsimihah.BioTests;
				PRODUCT_NAME = "$(TARGET_NAME)";
				SWIFT_VERSION = 3.0;
				TEST_HOST = "$(BUILT_PRODUCTS_DIR)/Bio.app/Bio";
			};
			name = Release;
		};
/* End XCBuildConfiguration section */

/* Begin XCConfigurationList section */
		CAF9E3F21F6FD79400EDF1A5 /* Build configuration list for PBXProject "Bio" */ = {
			isa = XCConfigurationList;
			buildConfigurations = (
				CAF9E4121F6FD79400EDF1A5 /* Debug */,
				CAF9E4131F6FD79400EDF1A5 /* Release */,
			);
			defaultConfigurationIsVisible = 0;
			defaultConfigurationName = Release;
		};
		CAF9E4141F6FD79400EDF1A5 /* Build configuration list for PBXNativeTarget "Bio" */ = {
			isa = XCConfigurationList;
			buildConfigurations = (
				CAF9E4151F6FD79400EDF1A5 /* Debug */,
				CAF9E4161F6FD79400EDF1A5 /* Release */,
			);
			defaultConfigurationIsVisible = 0;
			defaultConfigurationName = Release;
		};
		CAF9E4171F6FD79400EDF1A5 /* Build configuration list for PBXNativeTarget "BioTests" */ = {
			isa = XCConfigurationList;
			buildConfigurations = (
				CAF9E4181F6FD79400EDF1A5 /* Debug */,
				CAF9E4191F6FD79400EDF1A5 /* Release */,
			);
			defaultConfigurationIsVisible = 0;
			defaultConfigurationName = Release;
		};
/* End XCConfigurationList section */
	};
	rootObject = CAF9E3EF1F6FD79400EDF1A5 /* Project object */;
}
